
Microsoft Visual Studio Solution File, Format Version 12.00
# Visual Studio Version 17
VisualStudioVersion = 17.0.31919.166
MinimumVisualStudioVersion = 10.0.40219.1
Project("{9A19103F-16F7-4668-BE54-9A1E7A4F7556}") = "HobbitInstaller", "HobbitInstaller\HobbitInstaller.csproj", "{89A991A5-2BBC-463F-99B8-3C2851B2F766}"
EndProject
Project("{2150E333-8FDC-42A3-9474-1A3956D46DE8}") = "Solution Items", "Solution Items", "{678E94AA-D04C-40DA-9AB3-7BA7912BC807}"
	ProjectSection(SolutionItems) = preProject
		.editorconfig = .editorconfig
		HobbitInstaller\dxwnd.ini = HobbitInstaller\dxwnd.ini
	EndProjectSection
EndProject
Global
	GlobalSection(SolutionConfigurationPlatforms) = preSolution
		Debug|Any CPU = Debug|Any CPU
		Release|Any CPU = Release|Any CPU
	EndGlobalSection
	GlobalSection(ProjectConfigurationPlatforms) = postSolution
		{89A991A5-2BBC-463F-99B8-3C2851B2F766}.Debug|Any CPU.ActiveCfg = Debug|Any CPU
		{89A991A5-2BBC-463F-99B8-3C2851B2F766}.Debug|Any CPU.Build.0 = Debug|Any CPU
		{89A991A5-2BBC-463F-99B8-3C2851B2F766}.Release|Any CPU.ActiveCfg = Release|Any CPU
		{89A991A5-2BBC-463F-99B8-3C2851B2F766}.Release|Any CPU.Build.0 = Release|Any CPU
	EndGlobalSection
	GlobalSection(SolutionProperties) = preSolution
		HideSolutionNode = FALSE
	EndGlobalSection
	GlobalSection(ExtensibilityGlobals) = postSolution
		SolutionGuid = {CDA35B87-A9DE-4D75-BEA0-9E4760A9BDCF}
	EndGlobalSection
EndGlobal
